
Microsoft Visual Studio Solution File, Format Version 12.00
# Visual Studio Version 17
VisualStudioVersion = 17.2.32526.322
MinimumVisualStudioVersion = 10.0.40219.1
Project("{2150E333-8FDC-42A3-9474-1A3956D46DE8}") = "tests", "tests", "{F6E14550-34A2-41CE-83DB-EEB669B34278}"
EndProject
Project("{2150E333-8FDC-42A3-9474-1A3956D46DE8}") = "src", "src", "{74DCD462-4DA6-4FA3-B1B8-46E2BD09E0AE}"
EndProject
Project("{2150E333-8FDC-42A3-9474-1A3956D46DE8}") = "libraries", "libraries", "{047BC004-A5A8-4303-968E-90EE188CC7A8}"
EndProject
Project("{9A19103F-16F7-4668-BE54-9A1E7A4F7556}") = "Models.Core", "src\Common\Models.Core\Models.Core.csproj", "{0A3BCCB8-383A-47DE-98CC-F0602307FD3B}"
EndProject
Project("{9A19103F-16F7-4668-BE54-9A1E7A4F7556}") = "FreyaApi.Repository", "src\Api\FreyaApi.Repository\FreyaApi.Repository.csproj", "{1CE028DF-2591-480C-9EEC-8833A18F2978}"
EndProject
Project("{9A19103F-16F7-4668-BE54-9A1E7A4F7556}") = "UploaderWasabi", "src\Common\UploaderWasabi\UploaderWasabi.csproj", "{61F2BE80-A04D-4592-975C-8893DB020080}"
EndProject
Project("{9A19103F-16F7-4668-BE54-9A1E7A4F7556}") = "UploaderWasabi.Tests", "tests\UploaderWasabi.Tests\UploaderWasabi.Tests.csproj", "{94636C91-B5CA-45D2-B441-263C1E209021}"
EndProject
Project("{9A19103F-16F7-4668-BE54-9A1E7A4F7556}") = "Models.Core.Tests", "tests\Models.Core.Tests\Models.Core.Tests.csproj", "{42279D38-7BCD-4082-934B-E09A79741ECF}"
EndProject
Project("{9A19103F-16F7-4668-BE54-9A1E7A4F7556}") = "FreyaApi.Tests", "tests\FreyaApi.Tests\FreyaApi.Tests.csproj", "{FAE1010A-1AA0-4CE8-9566-0563A49D098B}"
EndProject
Project("{9A19103F-16F7-4668-BE54-9A1E7A4F7556}") = "FreyaApi.Repository.Tests", "tests\FreyaApi.Repository.Tests\FreyaApi.Repository.Tests.csproj", "{D2B497F6-E0CB-4E54-A856-EA1AA54BB884}"
EndProject
Project("{9A19103F-16F7-4668-BE54-9A1E7A4F7556}") = "FreyaPayments.Core.Tests", "tests\FreyaPayments.Core.Tests\FreyaPayments.Core.Tests.csproj", "{5B2DE467-E413-4B3B-8221-E0B840466B63}"
EndProject
Project("{9A19103F-16F7-4668-BE54-9A1E7A4F7556}") = "FreyaApi.Infrastructure", "src\Api\FreyaApi.Infrastructure\FreyaApi.Infrastructure.csproj", "{741AAD64-9CD3-4D82-8762-E7D1EBA2A3A4}"
EndProject
Project("{9A19103F-16F7-4668-BE54-9A1E7A4F7556}") = "FreyaApi", "src\Api\FreyaApi\FreyaApi.csproj", "{2D5D56E9-5AAA-4F78-A88A-817E7FA4D0C4}"
EndProject
Project("{9A19103F-16F7-4668-BE54-9A1E7A4F7556}") = "FreyaPayments.Core", "src\Common\FreyaPayments.Core\FreyaPayments.Core.csproj", "{0F06F0DD-D77C-45DD-A4D8-3E1B86A6C826}"
EndProject
Global
	GlobalSection(SolutionConfigurationPlatforms) = preSolution
		Debug|Any CPU = Debug|Any CPU
		Release|Any CPU = Release|Any CPU
	EndGlobalSection
	GlobalSection(ProjectConfigurationPlatforms) = postSolution
		{0A3BCCB8-383A-47DE-98CC-F0602307FD3B}.Debug|Any CPU.ActiveCfg = Debug|Any CPU
		{0A3BCCB8-383A-47DE-98CC-F0602307FD3B}.Debug|Any CPU.Build.0 = Debug|Any CPU
		{0A3BCCB8-383A-47DE-98CC-F0602307FD3B}.Release|Any CPU.ActiveCfg = Release|Any CPU
		{0A3BCCB8-383A-47DE-98CC-F0602307FD3B}.Release|Any CPU.Build.0 = Release|Any CPU
		{1CE028DF-2591-480C-9EEC-8833A18F2978}.Debug|Any CPU.ActiveCfg = Debug|Any CPU
		{1CE028DF-2591-480C-9EEC-8833A18F2978}.Debug|Any CPU.Build.0 = Debug|Any CPU
		{1CE028DF-2591-480C-9EEC-8833A18F2978}.Release|Any CPU.ActiveCfg = Release|Any CPU
		{1CE028DF-2591-480C-9EEC-8833A18F2978}.Release|Any CPU.Build.0 = Release|Any CPU
		{61F2BE80-A04D-4592-975C-8893DB020080}.Debug|Any CPU.ActiveCfg = Debug|Any CPU
		{61F2BE80-A04D-4592-975C-8893DB020080}.Debug|Any CPU.Build.0 = Debug|Any CPU
		{61F2BE80-A04D-4592-975C-8893DB020080}.Release|Any CPU.ActiveCfg = Release|Any CPU
		{61F2BE80-A04D-4592-975C-8893DB020080}.Release|Any CPU.Build.0 = Release|Any CPU
		{94636C91-B5CA-45D2-B441-263C1E209021}.Debug|Any CPU.ActiveCfg = Debug|Any CPU
		{94636C91-B5CA-45D2-B441-263C1E209021}.Debug|Any CPU.Build.0 = Debug|Any CPU
		{94636C91-B5CA-45D2-B441-263C1E209021}.Release|Any CPU.ActiveCfg = Release|Any CPU
		{94636C91-B5CA-45D2-B441-263C1E209021}.Release|Any CPU.Build.0 = Release|Any CPU
		{42279D38-7BCD-4082-934B-E09A79741ECF}.Debug|Any CPU.ActiveCfg = Debug|Any CPU
		{42279D38-7BCD-4082-934B-E09A79741ECF}.Debug|Any CPU.Build.0 = Debug|Any CPU
		{42279D38-7BCD-4082-934B-E09A79741ECF}.Release|Any CPU.ActiveCfg = Release|Any CPU
		{42279D38-7BCD-4082-934B-E09A79741ECF}.Release|Any CPU.Build.0 = Release|Any CPU
		{FAE1010A-1AA0-4CE8-9566-0563A49D098B}.Debug|Any CPU.ActiveCfg = Debug|Any CPU
		{FAE1010A-1AA0-4CE8-9566-0563A49D098B}.Debug|Any CPU.Build.0 = Debug|Any CPU
		{FAE1010A-1AA0-4CE8-9566-0563A49D098B}.Release|Any CPU.ActiveCfg = Release|Any CPU
		{FAE1010A-1AA0-4CE8-9566-0563A49D098B}.Release|Any CPU.Build.0 = Release|Any CPU
		{D2B497F6-E0CB-4E54-A856-EA1AA54BB884}.Debug|Any CPU.ActiveCfg = Debug|Any CPU
		{D2B497F6-E0CB-4E54-A856-EA1AA54BB884}.Debug|Any CPU.Build.0 = Debug|Any CPU
		{D2B497F6-E0CB-4E54-A856-EA1AA54BB884}.Release|Any CPU.ActiveCfg = Release|Any CPU
		{D2B497F6-E0CB-4E54-A856-EA1AA54BB884}.Release|Any CPU.Build.0 = Release|Any CPU
		{5B2DE467-E413-4B3B-8221-E0B840466B63}.Debug|Any CPU.ActiveCfg = Debug|Any CPU
		{5B2DE467-E413-4B3B-8221-E0B840466B63}.Debug|Any CPU.Build.0 = Debug|Any CPU
		{5B2DE467-E413-4B3B-8221-E0B840466B63}.Release|Any CPU.ActiveCfg = Release|Any CPU
		{5B2DE467-E413-4B3B-8221-E0B840466B63}.Release|Any CPU.Build.0 = Release|Any CPU
		{741AAD64-9CD3-4D82-8762-E7D1EBA2A3A4}.Debug|Any CPU.ActiveCfg = Debug|Any CPU
		{741AAD64-9CD3-4D82-8762-E7D1EBA2A3A4}.Debug|Any CPU.Build.0 = Debug|Any CPU
		{741AAD64-9CD3-4D82-8762-E7D1EBA2A3A4}.Release|Any CPU.ActiveCfg = Release|Any CPU
		{741AAD64-9CD3-4D82-8762-E7D1EBA2A3A4}.Release|Any CPU.Build.0 = Release|Any CPU
		{2D5D56E9-5AAA-4F78-A88A-817E7FA4D0C4}.Debug|Any CPU.ActiveCfg = Debug|Any CPU
		{2D5D56E9-5AAA-4F78-A88A-817E7FA4D0C4}.Debug|Any CPU.Build.0 = Debug|Any CPU
		{2D5D56E9-5AAA-4F78-A88A-817E7FA4D0C4}.Release|Any CPU.ActiveCfg = Release|Any CPU
		{2D5D56E9-5AAA-4F78-A88A-817E7FA4D0C4}.Release|Any CPU.Build.0 = Release|Any CPU
		{0F06F0DD-D77C-45DD-A4D8-3E1B86A6C826}.Debug|Any CPU.ActiveCfg = Debug|Any CPU
		{0F06F0DD-D77C-45DD-A4D8-3E1B86A6C826}.Debug|Any CPU.Build.0 = Debug|Any CPU
		{0F06F0DD-D77C-45DD-A4D8-3E1B86A6C826}.Release|Any CPU.ActiveCfg = Release|Any CPU
		{0F06F0DD-D77C-45DD-A4D8-3E1B86A6C826}.Release|Any CPU.Build.0 = Release|Any CPU
	EndGlobalSection
	GlobalSection(SolutionProperties) = preSolution
		HideSolutionNode = FALSE
	EndGlobalSection
	GlobalSection(NestedProjects) = preSolution
		{047BC004-A5A8-4303-968E-90EE188CC7A8} = {74DCD462-4DA6-4FA3-B1B8-46E2BD09E0AE}
		{0A3BCCB8-383A-47DE-98CC-F0602307FD3B} = {047BC004-A5A8-4303-968E-90EE188CC7A8}
		{1CE028DF-2591-480C-9EEC-8833A18F2978} = {047BC004-A5A8-4303-968E-90EE188CC7A8}
		{61F2BE80-A04D-4592-975C-8893DB020080} = {047BC004-A5A8-4303-968E-90EE188CC7A8}
		{94636C91-B5CA-45D2-B441-263C1E209021} = {F6E14550-34A2-41CE-83DB-EEB669B34278}
		{42279D38-7BCD-4082-934B-E09A79741ECF} = {F6E14550-34A2-41CE-83DB-EEB669B34278}
		{FAE1010A-1AA0-4CE8-9566-0563A49D098B} = {F6E14550-34A2-41CE-83DB-EEB669B34278}
		{D2B497F6-E0CB-4E54-A856-EA1AA54BB884} = {F6E14550-34A2-41CE-83DB-EEB669B34278}
		{5B2DE467-E413-4B3B-8221-E0B840466B63} = {F6E14550-34A2-41CE-83DB-EEB669B34278}
		{741AAD64-9CD3-4D82-8762-E7D1EBA2A3A4} = {047BC004-A5A8-4303-968E-90EE188CC7A8}
		{2D5D56E9-5AAA-4F78-A88A-817E7FA4D0C4} = {74DCD462-4DA6-4FA3-B1B8-46E2BD09E0AE}
		{0F06F0DD-D77C-45DD-A4D8-3E1B86A6C826} = {047BC004-A5A8-4303-968E-90EE188CC7A8}
	EndGlobalSection
	GlobalSection(ExtensibilityGlobals) = postSolution
		SolutionGuid = {222D61A0-1F19-4335-A0EF-D66D83044C4C}
	EndGlobalSection
EndGlobal
